<Solution>
  <Project Path="DA_Shared.csproj" />
  <Project Path="Boxophobic.Utils.Editor.csproj" />
  <Project Path="DA_Editor.csproj" />
  <Project Path="Assembly-CSharp.csproj" />
  <Project Path="Boxophobic.Utils.Scripts.csproj" />
  <Project Path="Boxophobic.SkyboxCubemapExtended.Editor.csproj" />
</Solution>
